
Microsoft Visual Studio Solution File, Format Version 12.00
# Visual Studio Version 17
VisualStudioVersion = 17.0.31903.59
MinimumVisualStudioVersion = 10.0.40219.1
Project("{2150E333-8FDC-42A3-9474-1A3956D46DE8}") = "src", "src", "{827E0CD3-B72D-47B6-A68D-7590B98EB39B}"
EndProject
Project("{FAE04EC0-301F-11D3-BF4B-00C04F79EFBC}") = "OpenNexus.Foundation.Application", "src\OpenNexus.Foundation.Application\OpenNexus.Foundation.Application.csproj", "{D3C035FD-930F-43BB-956D-577A6A94D216}"
EndProject
Project("{FAE04EC0-301F-11D3-BF4B-00C04F79EFBC}") = "OpenNexus.Foundation.CQRS", "src\OpenNexus.Foundation.CQRS\OpenNexus.Foundation.CQRS.csproj", "{38B2723F-53AF-47D3-BA38-949DC722C603}"
EndProject
Project("{FAE04EC0-301F-11D3-BF4B-00C04F79EFBC}") = "OpenNexus.Foundation.DDD", "src\OpenNexus.Foundation.DDD\OpenNexus.Foundation.DDD.csproj", "{4A59B92B-AAF6-4DAD-8867-A2993F0A7F00}"
EndProject
Project("{FAE04EC0-301F-11D3-BF4B-00C04F79EFBC}") = "OpenNexus.Foundation.Outbox", "src\OpenNexus.Foundation.Outbox\OpenNexus.Foundation.Outbox.csproj", "{FB8A4323-2EA3-4886-82F6-AA33B6613207}"
EndProject
Project("{FAE04EC0-301F-11D3-BF4B-00C04F79EFBC}") = "OpenNexus.Foundation.Outbox.SQL", "src\OpenNexus.Foundation.Outbox.SQL\OpenNexus.Foundation.Outbox.SQL.csproj", "{C8244497-D3AF-4B29-BE30-0B87D99C2DB1}"
EndProject
Project("{2150E333-8FDC-42A3-9474-1A3956D46DE8}") = "test", "test", "{0C88DD14-F956-CE84-757C-A364CCF449FC}"
EndProject
Project("{FAE04EC0-301F-11D3-BF4B-00C04F79EFBC}") = "OpenNexus.Foundation.Outbox.SQL.Tests", "test\OpenNexus.Foundation.Outbox.SQL.Tests\OpenNexus.Foundation.Outbox.SQL.Tests.csproj", "{1832A6B2-ABCF-49B5-8951-455D9CF0B3AB}"
EndProject
Project("{FAE04EC0-301F-11D3-BF4B-00C04F79EFBC}") = "OpenNexus.Foundation.Outbox.Tests", "test\OpenNexus.Foundation.Outbox.Tests\OpenNexus.Foundation.Outbox.Tests.csproj", "{B22C86D7-C22F-42EB-9941-E5E31A332FE5}"
EndProject
Project("{FAE04EC0-301F-11D3-BF4B-00C04F79EFBC}") = "OpenNexus.Foundation.Tests", "test\OpenNexus.Foundation.Tests\OpenNexus.Foundation.Tests.csproj", "{A69EE96A-3112-4C0F-8F2C-01538411D684}"
EndProject
Project("{FAE04EC0-301F-11D3-BF4B-00C04F79EFBC}") = "OpenNexus.Foundation.Application.Tests", "test\OpenNexus.Foundation.Application.Tests\OpenNexus.Foundation.Application.Tests.csproj", "{A91BDCB5-0636-4319-BCD2-2A5243541E37}"
EndProject
Project("{FAE04EC0-301F-11D3-BF4B-00C04F79EFBC}") = "OpenNexus.Foundation.CQRS.Tests", "test\OpenNexus.Foundation.CQRS.Tests\OpenNexus.Foundation.CQRS.Tests.csproj", "{3D494F0B-0AFC-4691-9BB2-BA496DE8CC6C}"
EndProject
Project("{FAE04EC0-301F-11D3-BF4B-00C04F79EFBC}") = "OpenNexus.Foundation.DDD.Tests", "test\OpenNexus.Foundation.DDD.Tests\OpenNexus.Foundation.DDD.Tests.csproj", "{3439F434-B5AB-401E-BB6D-CA083E3BE10B}"
EndProject
Project("{FAE04EC0-301F-11D3-BF4B-00C04F79EFBC}") = "OpenNexus.Foundation.Primitives", "src\OpenNexus.Foundation.Primitives\OpenNexus.Foundation.Primitives.csproj", "{7C2DFB2C-0F21-4EEE-B0D4-28B548322E9A}"
EndProject
Project("{FAE04EC0-301F-11D3-BF4B-00C04F79EFBC}") = "OpenNexus.Foundation.Logging", "src\OpenNexus.Foundation.Logging\OpenNexus.Foundation.Logging.csproj", "{87DA54C9-CBA3-41F9-B7F5-8F6371ADEF02}"
EndProject
Project("{FAE04EC0-301F-11D3-BF4B-00C04F79EFBC}") = "OpenNexus.Foundation.Persistence", "src\OpenNexus.Foundation.Persistence\OpenNexus.Foundation.Persistence.csproj", "{55CFA849-94A4-44A1-AA85-D997A032E380}"
EndProject
Project("{FAE04EC0-301F-11D3-BF4B-00C04F79EFBC}") = "OpenNexus.Foundation.Policy", "src\OpenNexus.Foundation.Policy\OpenNexus.Foundation.Policy.csproj", "{F41535A0-A5B5-4AD4-A170-F6F8198F60A9}"
EndProject
Project("{FAE04EC0-301F-11D3-BF4B-00C04F79EFBC}") = "OpenNexus.Foundation.Policy.Tests", "test\OpenNexus.Foundation.Policy.Tests\OpenNexus.Foundation.Policy.Tests.csproj", "{26919B3D-FBFF-46F0-B239-9BD57F858803}"
EndProject
Project("{FAE04EC0-301F-11D3-BF4B-00C04F79EFBC}") = "OpenNexus.Foundation.DataBroker", "src\OpenNexus.Foundation.DataBroker\OpenNexus.Foundation.DataBroker.csproj", "{3C492ECE-4C1E-4CC9-9F7B-C09A7F53D92F}"
EndProject
Project("{FAE04EC0-301F-11D3-BF4B-00C04F79EFBC}") = "OpenNexus.Foundation.DataBroker.Tests", "test\OpenNexus.Foundation.DataBroker.Tests\OpenNexus.Foundation.DataBroker.Tests.csproj", "{71673E8F-6092-457D-97CF-1DD3255E7DDF}"
EndProject
Global
	GlobalSection(SolutionConfigurationPlatforms) = preSolution
		Debug|Any CPU = Debug|Any CPU
		Debug|x64 = Debug|x64
		Debug|x86 = Debug|x86
		Release|Any CPU = Release|Any CPU
		Release|x64 = Release|x64
		Release|x86 = Release|x86
	EndGlobalSection
	GlobalSection(ProjectConfigurationPlatforms) = postSolution
		{D3C035FD-930F-43BB-956D-577A6A94D216}.Debug|Any CPU.ActiveCfg = Debug|Any CPU
		{D3C035FD-930F-43BB-956D-577A6A94D216}.Debug|Any CPU.Build.0 = Debug|Any CPU
		{D3C035FD-930F-43BB-956D-577A6A94D216}.Debug|x64.ActiveCfg = Debug|Any CPU
		{D3C035FD-930F-43BB-956D-577A6A94D216}.Debug|x64.Build.0 = Debug|Any CPU
		{D3C035FD-930F-43BB-956D-577A6A94D216}.Debug|x86.ActiveCfg = Debug|Any CPU
		{D3C035FD-930F-43BB-956D-577A6A94D216}.Debug|x86.Build.0 = Debug|Any CPU
		{D3C035FD-930F-43BB-956D-577A6A94D216}.Release|Any CPU.ActiveCfg = Release|Any CPU
		{D3C035FD-930F-43BB-956D-577A6A94D216}.Release|Any CPU.Build.0 = Release|Any CPU
		{D3C035FD-930F-43BB-956D-577A6A94D216}.Release|x64.ActiveCfg = Release|Any CPU
		{D3C035FD-930F-43BB-956D-577A6A94D216}.Release|x64.Build.0 = Release|Any CPU
		{D3C035FD-930F-43BB-956D-577A6A94D216}.Release|x86.ActiveCfg = Release|Any CPU
		{D3C035FD-930F-43BB-956D-577A6A94D216}.Release|x86.Build.0 = Release|Any CPU
		{38B2723F-53AF-47D3-BA38-949DC722C603}.Debug|Any CPU.ActiveCfg = Debug|Any CPU
		{38B2723F-53AF-47D3-BA38-949DC722C603}.Debug|Any CPU.Build.0 = Debug|Any CPU
		{38B2723F-53AF-47D3-BA38-949DC722C603}.Debug|x64.ActiveCfg = Debug|Any CPU
		{38B2723F-53AF-47D3-BA38-949DC722C603}.Debug|x64.Build.0 = Debug|Any CPU
		{38B2723F-53AF-47D3-BA38-949DC722C603}.Debug|x86.ActiveCfg = Debug|Any CPU
		{38B2723F-53AF-47D3-BA38-949DC722C603}.Debug|x86.Build.0 = Debug|Any CPU
		{38B2723F-53AF-47D3-BA38-949DC722C603}.Release|Any CPU.ActiveCfg = Release|Any CPU
		{38B2723F-53AF-47D3-BA38-949DC722C603}.Release|Any CPU.Build.0 = Release|Any CPU
		{38B2723F-53AF-47D3-BA38-949DC722C603}.Release|x64.ActiveCfg = Release|Any CPU
		{38B2723F-53AF-47D3-BA38-949DC722C603}.Release|x64.Build.0 = Release|Any CPU
		{38B2723F-53AF-47D3-BA38-949DC722C603}.Release|x86.ActiveCfg = Release|Any CPU
		{38B2723F-53AF-47D3-BA38-949DC722C603}.Release|x86.Build.0 = Release|Any CPU
		{4A59B92B-AAF6-4DAD-8867-A2993F0A7F00}.Debug|Any CPU.ActiveCfg = Debug|Any CPU
		{4A59B92B-AAF6-4DAD-8867-A2993F0A7F00}.Debug|Any CPU.Build.0 = Debug|Any CPU
		{4A59B92B-AAF6-4DAD-8867-A2993F0A7F00}.Debug|x64.ActiveCfg = Debug|Any CPU
		{4A59B92B-AAF6-4DAD-8867-A2993F0A7F00}.Debug|x64.Build.0 = Debug|Any CPU
		{4A59B92B-AAF6-4DAD-8867-A2993F0A7F00}.Debug|x86.ActiveCfg = Debug|Any CPU
		{4A59B92B-AAF6-4DAD-8867-A2993F0A7F00}.Debug|x86.Build.0 = Debug|Any CPU
		{4A59B92B-AAF6-4DAD-8867-A2993F0A7F00}.Release|Any CPU.ActiveCfg = Release|Any CPU
		{4A59B92B-AAF6-4DAD-8867-A2993F0A7F00}.Release|Any CPU.Build.0 = Release|Any CPU
		{4A59B92B-AAF6-4DAD-8867-A2993F0A7F00}.Release|x64.ActiveCfg = Release|Any CPU
		{4A59B92B-AAF6-4DAD-8867-A2993F0A7F00}.Release|x64.Build.0 = Release|Any CPU
		{4A59B92B-AAF6-4DAD-8867-A2993F0A7F00}.Release|x86.ActiveCfg = Release|Any CPU
		{4A59B92B-AAF6-4DAD-8867-A2993F0A7F00}.Release|x86.Build.0 = Release|Any CPU
		{FB8A4323-2EA3-4886-82F6-AA33B6613207}.Debug|Any CPU.ActiveCfg = Debug|Any CPU
		{FB8A4323-2EA3-4886-82F6-AA33B6613207}.Debug|Any CPU.Build.0 = Debug|Any CPU
		{FB8A4323-2EA3-4886-82F6-AA33B6613207}.Debug|x64.ActiveCfg = Debug|Any CPU
		{FB8A4323-2EA3-4886-82F6-AA33B6613207}.Debug|x64.Build.0 = Debug|Any CPU
		{FB8A4323-2EA3-4886-82F6-AA33B6613207}.Debug|x86.ActiveCfg = Debug|Any CPU
		{FB8A4323-2EA3-4886-82F6-AA33B6613207}.Debug|x86.Build.0 = Debug|Any CPU
		{FB8A4323-2EA3-4886-82F6-AA33B6613207}.Release|Any CPU.ActiveCfg = Release|Any CPU
		{FB8A4323-2EA3-4886-82F6-AA33B6613207}.Release|Any CPU.Build.0 = Release|Any CPU
		{FB8A4323-2EA3-4886-82F6-AA33B6613207}.Release|x64.ActiveCfg = Release|Any CPU
		{FB8A4323-2EA3-4886-82F6-AA33B6613207}.Release|x64.Build.0 = Release|Any CPU
		{FB8A4323-2EA3-4886-82F6-AA33B6613207}.Release|x86.ActiveCfg = Release|Any CPU
		{FB8A4323-2EA3-4886-82F6-AA33B6613207}.Release|x86.Build.0 = Release|Any CPU
		{C8244497-D3AF-4B29-BE30-0B87D99C2DB1}.Debug|Any CPU.ActiveCfg = Debug|Any CPU
		{C8244497-D3AF-4B29-BE30-0B87D99C2DB1}.Debug|Any CPU.Build.0 = Debug|Any CPU
		{C8244497-D3AF-4B29-BE30-0B87D99C2DB1}.Debug|x64.ActiveCfg = Debug|Any CPU
		{C8244497-D3AF-4B29-BE30-0B87D99C2DB1}.Debug|x64.Build.0 = Debug|Any CPU
		{C8244497-D3AF-4B29-BE30-0B87D99C2DB1}.Debug|x86.ActiveCfg = Debug|Any CPU
		{C8244497-D3AF-4B29-BE30-0B87D99C2DB1}.Debug|x86.Build.0 = Debug|Any CPU
		{C8244497-D3AF-4B29-BE30-0B87D99C2DB1}.Release|Any CPU.ActiveCfg = Release|Any CPU
		{C8244497-D3AF-4B29-BE30-0B87D99C2DB1}.Release|Any CPU.Build.0 = Release|Any CPU
		{C8244497-D3AF-4B29-BE30-0B87D99C2DB1}.Release|x64.ActiveCfg = Release|Any CPU
		{C8244497-D3AF-4B29-BE30-0B87D99C2DB1}.Release|x64.Build.0 = Release|Any CPU
		{C8244497-D3AF-4B29-BE30-0B87D99C2DB1}.Release|x86.ActiveCfg = Release|Any CPU
		{C8244497-D3AF-4B29-BE30-0B87D99C2DB1}.Release|x86.Build.0 = Release|Any CPU
		{1832A6B2-ABCF-49B5-8951-455D9CF0B3AB}.Debug|Any CPU.ActiveCfg = Debug|Any CPU
		{1832A6B2-ABCF-49B5-8951-455D9CF0B3AB}.Debug|Any CPU.Build.0 = Debug|Any CPU
		{1832A6B2-ABCF-49B5-8951-455D9CF0B3AB}.Debug|x64.ActiveCfg = Debug|Any CPU
		{1832A6B2-ABCF-49B5-8951-455D9CF0B3AB}.Debug|x64.Build.0 = Debug|Any CPU
		{1832A6B2-ABCF-49B5-8951-455D9CF0B3AB}.Debug|x86.ActiveCfg = Debug|Any CPU
		{1832A6B2-ABCF-49B5-8951-455D9CF0B3AB}.Debug|x86.Build.0 = Debug|Any CPU
		{1832A6B2-ABCF-49B5-8951-455D9CF0B3AB}.Release|Any CPU.ActiveCfg = Release|Any CPU
		{1832A6B2-ABCF-49B5-8951-455D9CF0B3AB}.Release|Any CPU.Build.0 = Release|Any CPU
		{1832A6B2-ABCF-49B5-8951-455D9CF0B3AB}.Release|x64.ActiveCfg = Release|Any CPU
		{1832A6B2-ABCF-49B5-8951-455D9CF0B3AB}.Release|x64.Build.0 = Release|Any CPU
		{1832A6B2-ABCF-49B5-8951-455D9CF0B3AB}.Release|x86.ActiveCfg = Release|Any CPU
		{1832A6B2-ABCF-49B5-8951-455D9CF0B3AB}.Release|x86.Build.0 = Release|Any CPU
		{B22C86D7-C22F-42EB-9941-E5E31A332FE5}.Debug|Any CPU.ActiveCfg = Debug|Any CPU
		{B22C86D7-C22F-42EB-9941-E5E31A332FE5}.Debug|Any CPU.Build.0 = Debug|Any CPU
		{B22C86D7-C22F-42EB-9941-E5E31A332FE5}.Debug|x64.ActiveCfg = Debug|Any CPU
		{B22C86D7-C22F-42EB-9941-E5E31A332FE5}.Debug|x64.Build.0 = Debug|Any CPU
		{B22C86D7-C22F-42EB-9941-E5E31A332FE5}.Debug|x86.ActiveCfg = Debug|Any CPU
		{B22C86D7-C22F-42EB-9941-E5E31A332FE5}.Debug|x86.Build.0 = Debug|Any CPU
		{B22C86D7-C22F-42EB-9941-E5E31A332FE5}.Release|Any CPU.ActiveCfg = Release|Any CPU
		{B22C86D7-C22F-42EB-9941-E5E31A332FE5}.Release|Any CPU.Build.0 = Release|Any CPU
		{B22C86D7-C22F-42EB-9941-E5E31A332FE5}.Release|x64.ActiveCfg = Release|Any CPU
		{B22C86D7-C22F-42EB-9941-E5E31A332FE5}.Release|x64.Build.0 = Release|Any CPU
		{B22C86D7-C22F-42EB-9941-E5E31A332FE5}.Release|x86.ActiveCfg = Release|Any CPU
		{B22C86D7-C22F-42EB-9941-E5E31A332FE5}.Release|x86.Build.0 = Release|Any CPU
		{A69EE96A-3112-4C0F-8F2C-01538411D684}.Debug|Any CPU.ActiveCfg = Debug|Any CPU
		{A69EE96A-3112-4C0F-8F2C-01538411D684}.Debug|Any CPU.Build.0 = Debug|Any CPU
		{A69EE96A-3112-4C0F-8F2C-01538411D684}.Debug|x64.ActiveCfg = Debug|Any CPU
		{A69EE96A-3112-4C0F-8F2C-01538411D684}.Debug|x64.Build.0 = Debug|Any CPU
		{A69EE96A-3112-4C0F-8F2C-01538411D684}.Debug|x86.ActiveCfg = Debug|Any CPU
		{A69EE96A-3112-4C0F-8F2C-01538411D684}.Debug|x86.Build.0 = Debug|Any CPU
		{A69EE96A-3112-4C0F-8F2C-01538411D684}.Release|Any CPU.ActiveCfg = Release|Any CPU
		{A69EE96A-3112-4C0F-8F2C-01538411D684}.Release|Any CPU.Build.0 = Release|Any CPU
		{A69EE96A-3112-4C0F-8F2C-01538411D684}.Release|x64.ActiveCfg = Release|Any CPU
		{A69EE96A-3112-4C0F-8F2C-01538411D684}.Release|x64.Build.0 = Release|Any CPU
		{A69EE96A-3112-4C0F-8F2C-01538411D684}.Release|x86.ActiveCfg = Release|Any CPU
		{A69EE96A-3112-4C0F-8F2C-01538411D684}.Release|x86.Build.0 = Release|Any CPU
		{A91BDCB5-0636-4319-BCD2-2A5243541E37}.Debug|Any CPU.ActiveCfg = Debug|Any CPU
		{A91BDCB5-0636-4319-BCD2-2A5243541E37}.Debug|Any CPU.Build.0 = Debug|Any CPU
		{A91BDCB5-0636-4319-BCD2-2A5243541E37}.Debug|x64.ActiveCfg = Debug|Any CPU
		{A91BDCB5-0636-4319-BCD2-2A5243541E37}.Debug|x64.Build.0 = Debug|Any CPU
		{A91BDCB5-0636-4319-BCD2-2A5243541E37}.Debug|x86.ActiveCfg = Debug|Any CPU
		{A91BDCB5-0636-4319-BCD2-2A5243541E37}.Debug|x86.Build.0 = Debug|Any CPU
		{A91BDCB5-0636-4319-BCD2-2A5243541E37}.Release|Any CPU.ActiveCfg = Release|Any CPU
		{A91BDCB5-0636-4319-BCD2-2A5243541E37}.Release|Any CPU.Build.0 = Release|Any CPU
		{A91BDCB5-0636-4319-BCD2-2A5243541E37}.Release|x64.ActiveCfg = Release|Any CPU
		{A91BDCB5-0636-4319-BCD2-2A5243541E37}.Release|x64.Build.0 = Release|Any CPU
		{A91BDCB5-0636-4319-BCD2-2A5243541E37}.Release|x86.ActiveCfg = Release|Any CPU
		{A91BDCB5-0636-4319-BCD2-2A5243541E37}.Release|x86.Build.0 = Release|Any CPU
		{3D494F0B-0AFC-4691-9BB2-BA496DE8CC6C}.Debug|Any CPU.ActiveCfg = Debug|Any CPU
		{3D494F0B-0AFC-4691-9BB2-BA496DE8CC6C}.Debug|Any CPU.Build.0 = Debug|Any CPU
		{3D494F0B-0AFC-4691-9BB2-BA496DE8CC6C}.Debug|x64.ActiveCfg = Debug|Any CPU
		{3D494F0B-0AFC-4691-9BB2-BA496DE8CC6C}.Debug|x64.Build.0 = Debug|Any CPU
		{3D494F0B-0AFC-4691-9BB2-BA496DE8CC6C}.Debug|x86.ActiveCfg = Debug|Any CPU
		{3D494F0B-0AFC-4691-9BB2-BA496DE8CC6C}.Debug|x86.Build.0 = Debug|Any CPU
		{3D494F0B-0AFC-4691-9BB2-BA496DE8CC6C}.Release|Any CPU.ActiveCfg = Release|Any CPU
		{3D494F0B-0AFC-4691-9BB2-BA496DE8CC6C}.Release|Any CPU.Build.0 = Release|Any CPU
		{3D494F0B-0AFC-4691-9BB2-BA496DE8CC6C}.Release|x64.ActiveCfg = Release|Any CPU
		{3D494F0B-0AFC-4691-9BB2-BA496DE8CC6C}.Release|x64.Build.0 = Release|Any CPU
		{3D494F0B-0AFC-4691-9BB2-BA496DE8CC6C}.Release|x86.ActiveCfg = Release|Any CPU
		{3D494F0B-0AFC-4691-9BB2-BA496DE8CC6C}.Release|x86.Build.0 = Release|Any CPU
		{3439F434-B5AB-401E-BB6D-CA083E3BE10B}.Debug|Any CPU.ActiveCfg = Debug|Any CPU
		{3439F434-B5AB-401E-BB6D-CA083E3BE10B}.Debug|Any CPU.Build.0 = Debug|Any CPU
		{3439F434-B5AB-401E-BB6D-CA083E3BE10B}.Debug|x64.ActiveCfg = Debug|Any CPU
		{3439F434-B5AB-401E-BB6D-CA083E3BE10B}.Debug|x64.Build.0 = Debug|Any CPU
		{3439F434-B5AB-401E-BB6D-CA083E3BE10B}.Debug|x86.ActiveCfg = Debug|Any CPU
		{3439F434-B5AB-401E-BB6D-CA083E3BE10B}.Debug|x86.Build.0 = Debug|Any CPU
		{3439F434-B5AB-401E-BB6D-CA083E3BE10B}.Release|Any CPU.ActiveCfg = Release|Any CPU
		{3439F434-B5AB-401E-BB6D-CA083E3BE10B}.Release|Any CPU.Build.0 = Release|Any CPU
		{3439F434-B5AB-401E-BB6D-CA083E3BE10B}.Release|x64.ActiveCfg = Release|Any CPU
		{3439F434-B5AB-401E-BB6D-CA083E3BE10B}.Release|x64.Build.0 = Release|Any CPU
		{3439F434-B5AB-401E-BB6D-CA083E3BE10B}.Release|x86.ActiveCfg = Release|Any CPU
		{3439F434-B5AB-401E-BB6D-CA083E3BE10B}.Release|x86.Build.0 = Release|Any CPU
		{7C2DFB2C-0F21-4EEE-B0D4-28B548322E9A}.Debug|Any CPU.ActiveCfg = Debug|Any CPU
		{7C2DFB2C-0F21-4EEE-B0D4-28B548322E9A}.Debug|Any CPU.Build.0 = Debug|Any CPU
		{7C2DFB2C-0F21-4EEE-B0D4-28B548322E9A}.Debug|x64.ActiveCfg = Debug|Any CPU
		{7C2DFB2C-0F21-4EEE-B0D4-28B548322E9A}.Debug|x64.Build.0 = Debug|Any CPU
		{7C2DFB2C-0F21-4EEE-B0D4-28B548322E9A}.Debug|x86.ActiveCfg = Debug|Any CPU
		{7C2DFB2C-0F21-4EEE-B0D4-28B548322E9A}.Debug|x86.Build.0 = Debug|Any CPU
		{7C2DFB2C-0F21-4EEE-B0D4-28B548322E9A}.Release|Any CPU.ActiveCfg = Release|Any CPU
		{7C2DFB2C-0F21-4EEE-B0D4-28B548322E9A}.Release|Any CPU.Build.0 = Release|Any CPU
		{7C2DFB2C-0F21-4EEE-B0D4-28B548322E9A}.Release|x64.ActiveCfg = Release|Any CPU
		{7C2DFB2C-0F21-4EEE-B0D4-28B548322E9A}.Release|x64.Build.0 = Release|Any CPU
		{7C2DFB2C-0F21-4EEE-B0D4-28B548322E9A}.Release|x86.ActiveCfg = Release|Any CPU
		{7C2DFB2C-0F21-4EEE-B0D4-28B548322E9A}.Release|x86.Build.0 = Release|Any CPU
		{87DA54C9-CBA3-41F9-B7F5-8F6371ADEF02}.Debug|Any CPU.ActiveCfg = Debug|Any CPU
		{87DA54C9-CBA3-41F9-B7F5-8F6371ADEF02}.Debug|Any CPU.Build.0 = Debug|Any CPU
		{87DA54C9-CBA3-41F9-B7F5-8F6371ADEF02}.Debug|x64.ActiveCfg = Debug|Any CPU
		{87DA54C9-CBA3-41F9-B7F5-8F6371ADEF02}.Debug|x64.Build.0 = Debug|Any CPU
		{87DA54C9-CBA3-41F9-B7F5-8F6371ADEF02}.Debug|x86.ActiveCfg = Debug|Any CPU
		{87DA54C9-CBA3-41F9-B7F5-8F6371ADEF02}.Debug|x86.Build.0 = Debug|Any CPU
		{87DA54C9-CBA3-41F9-B7F5-8F6371ADEF02}.Release|Any CPU.ActiveCfg = Release|Any CPU
		{87DA54C9-CBA3-41F9-B7F5-8F6371ADEF02}.Release|Any CPU.Build.0 = Release|Any CPU
		{87DA54C9-CBA3-41F9-B7F5-8F6371ADEF02}.Release|x64.ActiveCfg = Release|Any CPU
		{87DA54C9-CBA3-41F9-B7F5-8F6371ADEF02}.Release|x64.Build.0 = Release|Any CPU
		{87DA54C9-CBA3-41F9-B7F5-8F6371ADEF02}.Release|x86.ActiveCfg = Release|Any CPU
		{87DA54C9-CBA3-41F9-B7F5-8F6371ADEF02}.Release|x86.Build.0 = Release|Any CPU
		{55CFA849-94A4-44A1-AA85-D997A032E380}.Debug|Any CPU.ActiveCfg = Debug|Any CPU
		{55CFA849-94A4-44A1-AA85-D997A032E380}.Debug|Any CPU.Build.0 = Debug|Any CPU
		{55CFA849-94A4-44A1-AA85-D997A032E380}.Debug|x64.ActiveCfg = Debug|Any CPU
		{55CFA849-94A4-44A1-AA85-D997A032E380}.Debug|x64.Build.0 = Debug|Any CPU
		{55CFA849-94A4-44A1-AA85-D997A032E380}.Debug|x86.ActiveCfg = Debug|Any CPU
		{55CFA849-94A4-44A1-AA85-D997A032E380}.Debug|x86.Build.0 = Debug|Any CPU
		{55CFA849-94A4-44A1-AA85-D997A032E380}.Release|Any CPU.ActiveCfg = Release|Any CPU
		{55CFA849-94A4-44A1-AA85-D997A032E380}.Release|Any CPU.Build.0 = Release|Any CPU
		{55CFA849-94A4-44A1-AA85-D997A032E380}.Release|x64.ActiveCfg = Release|Any CPU
		{55CFA849-94A4-44A1-AA85-D997A032E380}.Release|x64.Build.0 = Release|Any CPU
		{55CFA849-94A4-44A1-AA85-D997A032E380}.Release|x86.ActiveCfg = Release|Any CPU
		{55CFA849-94A4-44A1-AA85-D997A032E380}.Release|x86.Build.0 = Release|Any CPU
		{F41535A0-A5B5-4AD4-A170-F6F8198F60A9}.Debug|Any CPU.ActiveCfg = Debug|Any CPU
		{F41535A0-A5B5-4AD4-A170-F6F8198F60A9}.Debug|Any CPU.Build.0 = Debug|Any CPU
		{F41535A0-A5B5-4AD4-A170-F6F8198F60A9}.Debug|x64.ActiveCfg = Debug|Any CPU
		{F41535A0-A5B5-4AD4-A170-F6F8198F60A9}.Debug|x64.Build.0 = Debug|Any CPU
		{F41535A0-A5B5-4AD4-A170-F6F8198F60A9}.Debug|x86.ActiveCfg = Debug|Any CPU
		{F41535A0-A5B5-4AD4-A170-F6F8198F60A9}.Debug|x86.Build.0 = Debug|Any CPU
		{F41535A0-A5B5-4AD4-A170-F6F8198F60A9}.Release|Any CPU.ActiveCfg = Release|Any CPU
		{F41535A0-A5B5-4AD4-A170-F6F8198F60A9}.Release|Any CPU.Build.0 = Release|Any CPU
		{F41535A0-A5B5-4AD4-A170-F6F8198F60A9}.Release|x64.ActiveCfg = Release|Any CPU
		{F41535A0-A5B5-4AD4-A170-F6F8198F60A9}.Release|x64.Build.0 = Release|Any CPU
		{F41535A0-A5B5-4AD4-A170-F6F8198F60A9}.Release|x86.ActiveCfg = Release|Any CPU
		{F41535A0-A5B5-4AD4-A170-F6F8198F60A9}.Release|x86.Build.0 = Release|Any CPU
		{26919B3D-FBFF-46F0-B239-9BD57F858803}.Debug|Any CPU.ActiveCfg = Debug|Any CPU
		{26919B3D-FBFF-46F0-B239-9BD57F858803}.Debug|Any CPU.Build.0 = Debug|Any CPU
		{26919B3D-FBFF-46F0-B239-9BD57F858803}.Debug|x64.ActiveCfg = Debug|Any CPU
		{26919B3D-FBFF-46F0-B239-9BD57F858803}.Debug|x64.Build.0 = Debug|Any CPU
		{26919B3D-FBFF-46F0-B239-9BD57F858803}.Debug|x86.ActiveCfg = Debug|Any CPU
		{26919B3D-FBFF-46F0-B239-9BD57F858803}.Debug|x86.Build.0 = Debug|Any CPU
		{26919B3D-FBFF-46F0-B239-9BD57F858803}.Release|Any CPU.ActiveCfg = Release|Any CPU
		{26919B3D-FBFF-46F0-B239-9BD57F858803}.Release|Any CPU.Build.0 = Release|Any CPU
		{26919B3D-FBFF-46F0-B239-9BD57F858803}.Release|x64.ActiveCfg = Release|Any CPU
		{26919B3D-FBFF-46F0-B239-9BD57F858803}.Release|x64.Build.0 = Release|Any CPU
		{26919B3D-FBFF-46F0-B239-9BD57F858803}.Release|x86.ActiveCfg = Release|Any CPU
		{26919B3D-FBFF-46F0-B239-9BD57F858803}.Release|x86.Build.0 = Release|Any CPU
		{3C492ECE-4C1E-4CC9-9F7B-C09A7F53D92F}.Debug|Any CPU.ActiveCfg = Debug|Any CPU
		{3C492ECE-4C1E-4CC9-9F7B-C09A7F53D92F}.Debug|Any CPU.Build.0 = Debug|Any CPU
		{3C492ECE-4C1E-4CC9-9F7B-C09A7F53D92F}.Debug|x64.ActiveCfg = Debug|Any CPU
		{3C492ECE-4C1E-4CC9-9F7B-C09A7F53D92F}.Debug|x64.Build.0 = Debug|Any CPU
		{3C492ECE-4C1E-4CC9-9F7B-C09A7F53D92F}.Debug|x86.ActiveCfg = Debug|Any CPU
		{3C492ECE-4C1E-4CC9-9F7B-C09A7F53D92F}.Debug|x86.Build.0 = Debug|Any CPU
		{3C492ECE-4C1E-4CC9-9F7B-C09A7F53D92F}.Release|Any CPU.ActiveCfg = Release|Any CPU
		{3C492ECE-4C1E-4CC9-9F7B-C09A7F53D92F}.Release|Any CPU.Build.0 = Release|Any CPU
		{3C492ECE-4C1E-4CC9-9F7B-C09A7F53D92F}.Release|x64.ActiveCfg = Release|Any CPU
		{3C492ECE-4C1E-4CC9-9F7B-C09A7F53D92F}.Release|x64.Build.0 = Release|Any CPU
		{3C492ECE-4C1E-4CC9-9F7B-C09A7F53D92F}.Release|x86.ActiveCfg = Release|Any CPU
		{3C492ECE-4C1E-4CC9-9F7B-C09A7F53D92F}.Release|x86.Build.0 = Release|Any CPU
		{71673E8F-6092-457D-97CF-1DD3255E7DDF}.Debug|Any CPU.ActiveCfg = Debug|Any CPU
		{71673E8F-6092-457D-97CF-1DD3255E7DDF}.Debug|Any CPU.Build.0 = Debug|Any CPU
		{71673E8F-6092-457D-97CF-1DD3255E7DDF}.Debug|x64.ActiveCfg = Debug|Any CPU
		{71673E8F-6092-457D-97CF-1DD3255E7DDF}.Debug|x64.Build.0 = Debug|Any CPU
		{71673E8F-6092-457D-97CF-1DD3255E7DDF}.Debug|x86.ActiveCfg = Debug|Any CPU
		{71673E8F-6092-457D-97CF-1DD3255E7DDF}.Debug|x86.Build.0 = Debug|Any CPU
		{71673E8F-6092-457D-97CF-1DD3255E7DDF}.Release|Any CPU.ActiveCfg = Release|Any CPU
		{71673E8F-6092-457D-97CF-1DD3255E7DDF}.Release|Any CPU.Build.0 = Release|Any CPU
		{71673E8F-6092-457D-97CF-1DD3255E7DDF}.Release|x64.ActiveCfg = Release|Any CPU
		{71673E8F-6092-457D-97CF-1DD3255E7DDF}.Release|x64.Build.0 = Release|Any CPU
		{71673E8F-6092-457D-97CF-1DD3255E7DDF}.Release|x86.ActiveCfg = Release|Any CPU
		{71673E8F-6092-457D-97CF-1DD3255E7DDF}.Release|x86.Build.0 = Release|Any CPU
	EndGlobalSection
	GlobalSection(SolutionProperties) = preSolution
		HideSolutionNode = FALSE
	EndGlobalSection
	GlobalSection(NestedProjects) = preSolution
		{D3C035FD-930F-43BB-956D-577A6A94D216} = {827E0CD3-B72D-47B6-A68D-7590B98EB39B}
		{38B2723F-53AF-47D3-BA38-949DC722C603} = {827E0CD3-B72D-47B6-A68D-7590B98EB39B}
		{4A59B92B-AAF6-4DAD-8867-A2993F0A7F00} = {827E0CD3-B72D-47B6-A68D-7590B98EB39B}
		{FB8A4323-2EA3-4886-82F6-AA33B6613207} = {827E0CD3-B72D-47B6-A68D-7590B98EB39B}
		{C8244497-D3AF-4B29-BE30-0B87D99C2DB1} = {827E0CD3-B72D-47B6-A68D-7590B98EB39B}
		{1832A6B2-ABCF-49B5-8951-455D9CF0B3AB} = {0C88DD14-F956-CE84-757C-A364CCF449FC}
		{B22C86D7-C22F-42EB-9941-E5E31A332FE5} = {0C88DD14-F956-CE84-757C-A364CCF449FC}
		{A69EE96A-3112-4C0F-8F2C-01538411D684} = {0C88DD14-F956-CE84-757C-A364CCF449FC}
		{A91BDCB5-0636-4319-BCD2-2A5243541E37} = {0C88DD14-F956-CE84-757C-A364CCF449FC}
		{3D494F0B-0AFC-4691-9BB2-BA496DE8CC6C} = {0C88DD14-F956-CE84-757C-A364CCF449FC}
		{3439F434-B5AB-401E-BB6D-CA083E3BE10B} = {0C88DD14-F956-CE84-757C-A364CCF449FC}
		{7C2DFB2C-0F21-4EEE-B0D4-28B548322E9A} = {827E0CD3-B72D-47B6-A68D-7590B98EB39B}
		{87DA54C9-CBA3-41F9-B7F5-8F6371ADEF02} = {827E0CD3-B72D-47B6-A68D-7590B98EB39B}
		{55CFA849-94A4-44A1-AA85-D997A032E380} = {827E0CD3-B72D-47B6-A68D-7590B98EB39B}
		{F41535A0-A5B5-4AD4-A170-F6F8198F60A9} = {827E0CD3-B72D-47B6-A68D-7590B98EB39B}
		{26919B3D-FBFF-46F0-B239-9BD57F858803} = {0C88DD14-F956-CE84-757C-A364CCF449FC}
		{3C492ECE-4C1E-4CC9-9F7B-C09A7F53D92F} = {827E0CD3-B72D-47B6-A68D-7590B98EB39B}
		{71673E8F-6092-457D-97CF-1DD3255E7DDF} = {0C88DD14-F956-CE84-757C-A364CCF449FC}
	EndGlobalSection
EndGlobal
